
Microsoft Visual Studio Solution File, Format Version 12.00
# Visual Studio 14
VisualStudioVersion = 14.0.25420.1
MinimumVisualStudioVersion = 10.0.40219.1
Project("{FAE04EC0-301F-11D3-BF4B-00C04F79EFBC}") = "XamarinApp", "XamarinApp\XamarinApp\XamarinApp.csproj", "{EFCB3615-2675-46AA-AE4D-E31CF6FF7501}"
EndProject
Project("{FAE04EC0-301F-11D3-BF4B-00C04F79EFBC}") = "XamarinApp.Droid", "XamarinApp\XamarinApp.Droid\XamarinApp.Droid.csproj", "{BC1E091B-986D-4AE7-A282-ABB55D0C6BEC}"
EndProject
Project("{FAE04EC0-301F-11D3-BF4B-00C04F79EFBC}") = "XamarinApp.iOS", "XamarinApp\XamarinApp.iOS\XamarinApp.iOS.csproj", "{7A06AAAE-855E-452D-AC13-79D497003D2C}"
EndProject
Project("{FAE04EC0-301F-11D3-BF4B-00C04F79EFBC}") = "XamarinApp.WinPhone", "XamarinApp\XamarinApp.WinPhone\XamarinApp.WinPhone.csproj", "{1B20BA98-7157-4BDC-B2AC-4D413D7EBF43}"
EndProject
Project("{FAE04EC0-301F-11D3-BF4B-00C04F79EFBC}") = "XamarinApp.Windows", "XamarinApp\XamarinApp.Windows\XamarinApp.Windows.csproj", "{58E8695C-2BA5-4CF6-AA90-985C04361A0B}"
EndProject
Project("{FAE04EC0-301F-11D3-BF4B-00C04F79EFBC}") = "CoreProject", "CoreProject\CoreProject.csproj", "{B86C7119-73CA-4124-A4BF-33B5B3664A7D}"
EndProject
Project("{FAE04EC0-301F-11D3-BF4B-00C04F79EFBC}") = "CoreProject.MvvmLight", "CoreProject.MvvmLight\CoreProject.MvvmLight.csproj", "{4191081C-B4AD-4F52-A6A0-4C16B446E0FE}"
EndProject
Global
	GlobalSection(SolutionConfigurationPlatforms) = preSolution
		Ad-Hoc|Any CPU = Ad-Hoc|Any CPU
		Ad-Hoc|ARM = Ad-Hoc|ARM
		Ad-Hoc|iPhone = Ad-Hoc|iPhone
		Ad-Hoc|iPhoneSimulator = Ad-Hoc|iPhoneSimulator
		Ad-Hoc|x64 = Ad-Hoc|x64
		Ad-Hoc|x86 = Ad-Hoc|x86
		AppStore|Any CPU = AppStore|Any CPU
		AppStore|ARM = AppStore|ARM
		AppStore|iPhone = AppStore|iPhone
		AppStore|iPhoneSimulator = AppStore|iPhoneSimulator
		AppStore|x64 = AppStore|x64
		AppStore|x86 = AppStore|x86
		Debug|Any CPU = Debug|Any CPU
		Debug|ARM = Debug|ARM
		Debug|iPhone = Debug|iPhone
		Debug|iPhoneSimulator = Debug|iPhoneSimulator
		Debug|x64 = Debug|x64
		Debug|x86 = Debug|x86
		Release|Any CPU = Release|Any CPU
		Release|ARM = Release|ARM
		Release|iPhone = Release|iPhone
		Release|iPhoneSimulator = Release|iPhoneSimulator
		Release|x64 = Release|x64
		Release|x86 = Release|x86
	EndGlobalSection
	GlobalSection(ProjectConfigurationPlatforms) = postSolution
		{EFCB3615-2675-46AA-AE4D-E31CF6FF7501}.Ad-Hoc|Any CPU.ActiveCfg = Release|Any CPU
		{EFCB3615-2675-46AA-AE4D-E31CF6FF7501}.Ad-Hoc|Any CPU.Build.0 = Release|Any CPU
		{EFCB3615-2675-46AA-AE4D-E31CF6FF7501}.Ad-Hoc|ARM.ActiveCfg = Release|Any CPU
		{EFCB3615-2675-46AA-AE4D-E31CF6FF7501}.Ad-Hoc|ARM.Build.0 = Release|Any CPU
		{EFCB3615-2675-46AA-AE4D-E31CF6FF7501}.Ad-Hoc|iPhone.ActiveCfg = Release|Any CPU
		{EFCB3615-2675-46AA-AE4D-E31CF6FF7501}.Ad-Hoc|iPhone.Build.0 = Release|Any CPU
		{EFCB3615-2675-46AA-AE4D-E31CF6FF7501}.Ad-Hoc|iPhoneSimulator.ActiveCfg = Release|Any CPU
		{EFCB3615-2675-46AA-AE4D-E31CF6FF7501}.Ad-Hoc|iPhoneSimulator.Build.0 = Release|Any CPU
		{EFCB3615-2675-46AA-AE4D-E31CF6FF7501}.Ad-Hoc|x64.ActiveCfg = Release|Any CPU
		{EFCB3615-2675-46AA-AE4D-E31CF6FF7501}.Ad-Hoc|x64.Build.0 = Release|Any CPU
		{EFCB3615-2675-46AA-AE4D-E31CF6FF7501}.Ad-Hoc|x86.ActiveCfg = Release|Any CPU
		{EFCB3615-2675-46AA-AE4D-E31CF6FF7501}.Ad-Hoc|x86.Build.0 = Release|Any CPU
		{EFCB3615-2675-46AA-AE4D-E31CF6FF7501}.AppStore|Any CPU.ActiveCfg = Release|Any CPU
		{EFCB3615-2675-46AA-AE4D-E31CF6FF7501}.AppStore|Any CPU.Build.0 = Release|Any CPU
		{EFCB3615-2675-46AA-AE4D-E31CF6FF7501}.AppStore|ARM.ActiveCfg = Release|Any CPU
		{EFCB3615-2675-46AA-AE4D-E31CF6FF7501}.AppStore|ARM.Build.0 = Release|Any CPU
		{EFCB3615-2675-46AA-AE4D-E31CF6FF7501}.AppStore|iPhone.ActiveCfg = Release|Any CPU
		{EFCB3615-2675-46AA-AE4D-E31CF6FF7501}.AppStore|iPhone.Build.0 = Release|Any CPU
		{EFCB3615-2675-46AA-AE4D-E31CF6FF7501}.AppStore|iPhoneSimulator.ActiveCfg = Release|Any CPU
		{EFCB3615-2675-46AA-AE4D-E31CF6FF7501}.AppStore|iPhoneSimulator.Build.0 = Release|Any CPU
		{EFCB3615-2675-46AA-AE4D-E31CF6FF7501}.AppStore|x64.ActiveCfg = Release|Any CPU
		{EFCB3615-2675-46AA-AE4D-E31CF6FF7501}.AppStore|x64.Build.0 = Release|Any CPU
		{EFCB3615-2675-46AA-AE4D-E31CF6FF7501}.AppStore|x86.ActiveCfg = Release|Any CPU
		{EFCB3615-2675-46AA-AE4D-E31CF6FF7501}.AppStore|x86.Build.0 = Release|Any CPU
		{EFCB3615-2675-46AA-AE4D-E31CF6FF7501}.Debug|Any CPU.ActiveCfg = Debug|Any CPU
		{EFCB3615-2675-46AA-AE4D-E31CF6FF7501}.Debug|Any CPU.Build.0 = Debug|Any CPU
		{EFCB3615-2675-46AA-AE4D-E31CF6FF7501}.Debug|ARM.ActiveCfg = Debug|Any CPU
		{EFCB3615-2675-46AA-AE4D-E31CF6FF7501}.Debug|ARM.Build.0 = Debug|Any CPU
		{EFCB3615-2675-46AA-AE4D-E31CF6FF7501}.Debug|iPhone.ActiveCfg = Debug|Any CPU
		{EFCB3615-2675-46AA-AE4D-E31CF6FF7501}.Debug|iPhone.Build.0 = Debug|Any CPU
		{EFCB3615-2675-46AA-AE4D-E31CF6FF7501}.Debug|iPhoneSimulator.ActiveCfg = Debug|Any CPU
		{EFCB3615-2675-46AA-AE4D-E31CF6FF7501}.Debug|iPhoneSimulator.Build.0 = Debug|Any CPU
		{EFCB3615-2675-46AA-AE4D-E31CF6FF7501}.Debug|x64.ActiveCfg = Debug|Any CPU
		{EFCB3615-2675-46AA-AE4D-E31CF6FF7501}.Debug|x64.Build.0 = Debug|Any CPU
		{EFCB3615-2675-46AA-AE4D-E31CF6FF7501}.Debug|x86.ActiveCfg = Debug|Any CPU
		{EFCB3615-2675-46AA-AE4D-E31CF6FF7501}.Debug|x86.Build.0 = Debug|Any CPU
		{EFCB3615-2675-46AA-AE4D-E31CF6FF7501}.Release|Any CPU.ActiveCfg = Release|Any CPU
		{EFCB3615-2675-46AA-AE4D-E31CF6FF7501}.Release|Any CPU.Build.0 = Release|Any CPU
		{EFCB3615-2675-46AA-AE4D-E31CF6FF7501}.Release|ARM.ActiveCfg = Release|Any CPU
		{EFCB3615-2675-46AA-AE4D-E31CF6FF7501}.Release|ARM.Build.0 = Release|Any CPU
		{EFCB3615-2675-46AA-AE4D-E31CF6FF7501}.Release|iPhone.ActiveCfg = Release|Any CPU
		{EFCB3615-2675-46AA-AE4D-E31CF6FF7501}.Release|iPhone.Build.0 = Release|Any CPU
		{EFCB3615-2675-46AA-AE4D-E31CF6FF7501}.Release|iPhoneSimulator.ActiveCfg = Release|Any CPU
		{EFCB3615-2675-46AA-AE4D-E31CF6FF7501}.Release|iPhoneSimulator.Build.0 = Release|Any CPU
		{EFCB3615-2675-46AA-AE4D-E31CF6FF7501}.Release|x64.ActiveCfg = Release|Any CPU
		{EFCB3615-2675-46AA-AE4D-E31CF6FF7501}.Release|x64.Build.0 = Release|Any CPU
		{EFCB3615-2675-46AA-AE4D-E31CF6FF7501}.Release|x86.ActiveCfg = Release|Any CPU
		{EFCB3615-2675-46AA-AE4D-E31CF6FF7501}.Release|x86.Build.0 = Release|Any CPU
		{BC1E091B-986D-4AE7-A282-ABB55D0C6BEC}.Ad-Hoc|Any CPU.ActiveCfg = Release|Any CPU
		{BC1E091B-986D-4AE7-A282-ABB55D0C6BEC}.Ad-Hoc|Any CPU.Build.0 = Release|Any CPU
		{BC1E091B-986D-4AE7-A282-ABB55D0C6BEC}.Ad-Hoc|Any CPU.Deploy.0 = Release|Any CPU
		{BC1E091B-986D-4AE7-A282-ABB55D0C6BEC}.Ad-Hoc|ARM.ActiveCfg = Release|Any CPU
		{BC1E091B-986D-4AE7-A282-ABB55D0C6BEC}.Ad-Hoc|ARM.Build.0 = Release|Any CPU
		{BC1E091B-986D-4AE7-A282-ABB55D0C6BEC}.Ad-Hoc|ARM.Deploy.0 = Release|Any CPU
		{BC1E091B-986D-4AE7-A282-ABB55D0C6BEC}.Ad-Hoc|iPhone.ActiveCfg = Release|Any CPU
		{BC1E091B-986D-4AE7-A282-ABB55D0C6BEC}.Ad-Hoc|iPhone.Build.0 = Release|Any CPU
		{BC1E091B-986D-4AE7-A282-ABB55D0C6BEC}.Ad-Hoc|iPhone.Deploy.0 = Release|Any CPU
		{BC1E091B-986D-4AE7-A282-ABB55D0C6BEC}.Ad-Hoc|iPhoneSimulator.ActiveCfg = Release|Any CPU
		{BC1E091B-986D-4AE7-A282-ABB55D0C6BEC}.Ad-Hoc|iPhoneSimulator.Build.0 = Release|Any CPU
		{BC1E091B-986D-4AE7-A282-ABB55D0C6BEC}.Ad-Hoc|iPhoneSimulator.Deploy.0 = Release|Any CPU
		{BC1E091B-986D-4AE7-A282-ABB55D0C6BEC}.Ad-Hoc|x64.ActiveCfg = Release|Any CPU
		{BC1E091B-986D-4AE7-A282-ABB55D0C6BEC}.Ad-Hoc|x64.Build.0 = Release|Any CPU
		{BC1E091B-986D-4AE7-A282-ABB55D0C6BEC}.Ad-Hoc|x64.Deploy.0 = Release|Any CPU
		{BC1E091B-986D-4AE7-A282-ABB55D0C6BEC}.Ad-Hoc|x86.ActiveCfg = Release|Any CPU
		{BC1E091B-986D-4AE7-A282-ABB55D0C6BEC}.Ad-Hoc|x86.Build.0 = Release|Any CPU
		{BC1E091B-986D-4AE7-A282-ABB55D0C6BEC}.Ad-Hoc|x86.Deploy.0 = Release|Any CPU
		{BC1E091B-986D-4AE7-A282-ABB55D0C6BEC}.AppStore|Any CPU.ActiveCfg = Release|Any CPU
		{BC1E091B-986D-4AE7-A282-ABB55D0C6BEC}.AppStore|Any CPU.Build.0 = Release|Any CPU
		{BC1E091B-986D-4AE7-A282-ABB55D0C6BEC}.AppStore|Any CPU.Deploy.0 = Release|Any CPU
		{BC1E091B-986D-4AE7-A282-ABB55D0C6BEC}.AppStore|ARM.ActiveCfg = Release|Any CPU
		{BC1E091B-986D-4AE7-A282-ABB55D0C6BEC}.AppStore|ARM.Build.0 = Release|Any CPU
		{BC1E091B-986D-4AE7-A282-ABB55D0C6BEC}.AppStore|ARM.Deploy.0 = Release|Any CPU
		{BC1E091B-986D-4AE7-A282-ABB55D0C6BEC}.AppStore|iPhone.ActiveCfg = Release|Any CPU
		{BC1E091B-986D-4AE7-A282-ABB55D0C6BEC}.AppStore|iPhone.Build.0 = Release|Any CPU
		{BC1E091B-986D-4AE7-A282-ABB55D0C6BEC}.AppStore|iPhone.Deploy.0 = Release|Any CPU
		{BC1E091B-986D-4AE7-A282-ABB55D0C6BEC}.AppStore|iPhoneSimulator.ActiveCfg = Release|Any CPU
		{BC1E091B-986D-4AE7-A282-ABB55D0C6BEC}.AppStore|iPhoneSimulator.Build.0 = Release|Any CPU
		{BC1E091B-986D-4AE7-A282-ABB55D0C6BEC}.AppStore|iPhoneSimulator.Deploy.0 = Release|Any CPU
		{BC1E091B-986D-4AE7-A282-ABB55D0C6BEC}.AppStore|x64.ActiveCfg = Release|Any CPU
		{BC1E091B-986D-4AE7-A282-ABB55D0C6BEC}.AppStore|x64.Build.0 = Release|Any CPU
		{BC1E091B-986D-4AE7-A282-ABB55D0C6BEC}.AppStore|x64.Deploy.0 = Release|Any CPU
		{BC1E091B-986D-4AE7-A282-ABB55D0C6BEC}.AppStore|x86.ActiveCfg = Release|Any CPU
		{BC1E091B-986D-4AE7-A282-ABB55D0C6BEC}.AppStore|x86.Build.0 = Release|Any CPU
		{BC1E091B-986D-4AE7-A282-ABB55D0C6BEC}.AppStore|x86.Deploy.0 = Release|Any CPU
		{BC1E091B-986D-4AE7-A282-ABB55D0C6BEC}.Debug|Any CPU.ActiveCfg = Debug|Any CPU
		{BC1E091B-986D-4AE7-A282-ABB55D0C6BEC}.Debug|Any CPU.Build.0 = Debug|Any CPU
		{BC1E091B-986D-4AE7-A282-ABB55D0C6BEC}.Debug|Any CPU.Deploy.0 = Debug|Any CPU
		{BC1E091B-986D-4AE7-A282-ABB55D0C6BEC}.Debug|ARM.ActiveCfg = Debug|Any CPU
		{BC1E091B-986D-4AE7-A282-ABB55D0C6BEC}.Debug|ARM.Build.0 = Debug|Any CPU
		{BC1E091B-986D-4AE7-A282-ABB55D0C6BEC}.Debug|ARM.Deploy.0 = Debug|Any CPU
		{BC1E091B-986D-4AE7-A282-ABB55D0C6BEC}.Debug|iPhone.ActiveCfg = Debug|Any CPU
		{BC1E091B-986D-4AE7-A282-ABB55D0C6BEC}.Debug|iPhone.Build.0 = Debug|Any CPU
		{BC1E091B-986D-4AE7-A282-ABB55D0C6BEC}.Debug|iPhone.Deploy.0 = Debug|Any CPU
		{BC1E091B-986D-4AE7-A282-ABB55D0C6BEC}.Debug|iPhoneSimulator.ActiveCfg = Debug|Any CPU
		{BC1E091B-986D-4AE7-A282-ABB55D0C6BEC}.Debug|iPhoneSimulator.Build.0 = Debug|Any CPU
		{BC1E091B-986D-4AE7-A282-ABB55D0C6BEC}.Debug|iPhoneSimulator.Deploy.0 = Debug|Any CPU
		{BC1E091B-986D-4AE7-A282-ABB55D0C6BEC}.Debug|x64.ActiveCfg = Debug|Any CPU
		{BC1E091B-986D-4AE7-A282-ABB55D0C6BEC}.Debug|x64.Build.0 = Debug|Any CPU
		{BC1E091B-986D-4AE7-A282-ABB55D0C6BEC}.Debug|x64.Deploy.0 = Debug|Any CPU
		{BC1E091B-986D-4AE7-A282-ABB55D0C6BEC}.Debug|x86.ActiveCfg = Debug|Any CPU
		{BC1E091B-986D-4AE7-A282-ABB55D0C6BEC}.Debug|x86.Build.0 = Debug|Any CPU
		{BC1E091B-986D-4AE7-A282-ABB55D0C6BEC}.Debug|x86.Deploy.0 = Debug|Any CPU
		{BC1E091B-986D-4AE7-A282-ABB55D0C6BEC}.Release|Any CPU.ActiveCfg = Release|Any CPU
		{BC1E091B-986D-4AE7-A282-ABB55D0C6BEC}.Release|Any CPU.Build.0 = Release|Any CPU
		{BC1E091B-986D-4AE7-A282-ABB55D0C6BEC}.Release|Any CPU.Deploy.0 = Release|Any CPU
		{BC1E091B-986D-4AE7-A282-ABB55D0C6BEC}.Release|ARM.ActiveCfg = Release|Any CPU
		{BC1E091B-986D-4AE7-A282-ABB55D0C6BEC}.Release|ARM.Build.0 = Release|Any CPU
		{BC1E091B-986D-4AE7-A282-ABB55D0C6BEC}.Release|ARM.Deploy.0 = Release|Any CPU
		{BC1E091B-986D-4AE7-A282-ABB55D0C6BEC}.Release|iPhone.ActiveCfg = Release|Any CPU
		{BC1E091B-986D-4AE7-A282-ABB55D0C6BEC}.Release|iPhone.Build.0 = Release|Any CPU
		{BC1E091B-986D-4AE7-A282-ABB55D0C6BEC}.Release|iPhone.Deploy.0 = Release|Any CPU
		{BC1E091B-986D-4AE7-A282-ABB55D0C6BEC}.Release|iPhoneSimulator.ActiveCfg = Release|Any CPU
		{BC1E091B-986D-4AE7-A282-ABB55D0C6BEC}.Release|iPhoneSimulator.Build.0 = Release|Any CPU
		{BC1E091B-986D-4AE7-A282-ABB55D0C6BEC}.Release|iPhoneSimulator.Deploy.0 = Release|Any CPU
		{BC1E091B-986D-4AE7-A282-ABB55D0C6BEC}.Release|x64.ActiveCfg = Release|Any CPU
		{BC1E091B-986D-4AE7-A282-ABB55D0C6BEC}.Release|x64.Build.0 = Release|Any CPU
		{BC1E091B-986D-4AE7-A282-ABB55D0C6BEC}.Release|x64.Deploy.0 = Release|Any CPU
		{BC1E091B-986D-4AE7-A282-ABB55D0C6BEC}.Release|x86.ActiveCfg = Release|Any CPU
		{BC1E091B-986D-4AE7-A282-ABB55D0C6BEC}.Release|x86.Build.0 = Release|Any CPU
		{BC1E091B-986D-4AE7-A282-ABB55D0C6BEC}.Release|x86.Deploy.0 = Release|Any CPU
		{7A06AAAE-855E-452D-AC13-79D497003D2C}.Ad-Hoc|Any CPU.ActiveCfg = Ad-Hoc|iPhone
		{7A06AAAE-855E-452D-AC13-79D497003D2C}.Ad-Hoc|ARM.ActiveCfg = Ad-Hoc|iPhone
		{7A06AAAE-855E-452D-AC13-79D497003D2C}.Ad-Hoc|iPhone.ActiveCfg = Ad-Hoc|iPhone
		{7A06AAAE-855E-452D-AC13-79D497003D2C}.Ad-Hoc|iPhone.Build.0 = Ad-Hoc|iPhone
		{7A06AAAE-855E-452D-AC13-79D497003D2C}.Ad-Hoc|iPhoneSimulator.ActiveCfg = Ad-Hoc|iPhoneSimulator
		{7A06AAAE-855E-452D-AC13-79D497003D2C}.Ad-Hoc|iPhoneSimulator.Build.0 = Ad-Hoc|iPhoneSimulator
		{7A06AAAE-855E-452D-AC13-79D497003D2C}.Ad-Hoc|x64.ActiveCfg = Ad-Hoc|iPhone
		{7A06AAAE-855E-452D-AC13-79D497003D2C}.Ad-Hoc|x86.ActiveCfg = Ad-Hoc|iPhone
		{7A06AAAE-855E-452D-AC13-79D497003D2C}.AppStore|Any CPU.ActiveCfg = AppStore|iPhone
		{7A06AAAE-855E-452D-AC13-79D497003D2C}.AppStore|ARM.ActiveCfg = AppStore|iPhone
		{7A06AAAE-855E-452D-AC13-79D497003D2C}.AppStore|iPhone.ActiveCfg = AppStore|iPhone
		{7A06AAAE-855E-452D-AC13-79D497003D2C}.AppStore|iPhone.Build.0 = AppStore|iPhone
		{7A06AAAE-855E-452D-AC13-79D497003D2C}.AppStore|iPhoneSimulator.ActiveCfg = AppStore|iPhoneSimulator
		{7A06AAAE-855E-452D-AC13-79D497003D2C}.AppStore|iPhoneSimulator.Build.0 = AppStore|iPhoneSimulator
		{7A06AAAE-855E-452D-AC13-79D497003D2C}.AppStore|x64.ActiveCfg = AppStore|iPhone
		{7A06AAAE-855E-452D-AC13-79D497003D2C}.AppStore|x86.ActiveCfg = AppStore|iPhone
		{7A06AAAE-855E-452D-AC13-79D497003D2C}.Debug|Any CPU.ActiveCfg = Debug|iPhone
		{7A06AAAE-855E-452D-AC13-79D497003D2C}.Debug|ARM.ActiveCfg = Debug|iPhone
		{7A06AAAE-855E-452D-AC13-79D497003D2C}.Debug|iPhone.ActiveCfg = Debug|iPhone
		{7A06AAAE-855E-452D-AC13-79D497003D2C}.Debug|iPhone.Build.0 = Debug|iPhone
		{7A06AAAE-855E-452D-AC13-79D497003D2C}.Debug|iPhoneSimulator.ActiveCfg = Debug|iPhoneSimulator
		{7A06AAAE-855E-452D-AC13-79D497003D2C}.Debug|iPhoneSimulator.Build.0 = Debug|iPhoneSimulator
		{7A06AAAE-855E-452D-AC13-79D497003D2C}.Debug|x64.ActiveCfg = Debug|iPhone
		{7A06AAAE-855E-452D-AC13-79D497003D2C}.Debug|x86.ActiveCfg = Debug|iPhone
		{7A06AAAE-855E-452D-AC13-79D497003D2C}.Release|Any CPU.ActiveCfg = Release|iPhone
		{7A06AAAE-855E-452D-AC13-79D497003D2C}.Release|ARM.ActiveCfg = Release|iPhone
		{7A06AAAE-855E-452D-AC13-79D497003D2C}.Release|iPhone.ActiveCfg = Release|iPhone
		{7A06AAAE-855E-452D-AC13-79D497003D2C}.Release|iPhone.Build.0 = Release|iPhone
		{7A06AAAE-855E-452D-AC13-79D497003D2C}.Release|iPhoneSimulator.ActiveCfg = Release|iPhoneSimulator
		{7A06AAAE-855E-452D-AC13-79D497003D2C}.Release|iPhoneSimulator.Build.0 = Release|iPhoneSimulator
		{7A06AAAE-855E-452D-AC13-79D497003D2C}.Release|x64.ActiveCfg = Release|iPhone
		{7A06AAAE-855E-452D-AC13-79D497003D2C}.Release|x86.ActiveCfg = Release|iPhone
		{1B20BA98-7157-4BDC-B2AC-4D413D7EBF43}.Ad-Hoc|Any CPU.ActiveCfg = Release|Any CPU
		{1B20BA98-7157-4BDC-B2AC-4D413D7EBF43}.Ad-Hoc|Any CPU.Build.0 = Release|Any CPU
		{1B20BA98-7157-4BDC-B2AC-4D413D7EBF43}.Ad-Hoc|Any CPU.Deploy.0 = Release|Any CPU
		{1B20BA98-7157-4BDC-B2AC-4D413D7EBF43}.Ad-Hoc|ARM.ActiveCfg = Release|ARM
		{1B20BA98-7157-4BDC-B2AC-4D413D7EBF43}.Ad-Hoc|ARM.Build.0 = Release|ARM
		{1B20BA98-7157-4BDC-B2AC-4D413D7EBF43}.Ad-Hoc|ARM.Deploy.0 = Release|ARM
		{1B20BA98-7157-4BDC-B2AC-4D413D7EBF43}.Ad-Hoc|iPhone.ActiveCfg = Release|Any CPU
		{1B20BA98-7157-4BDC-B2AC-4D413D7EBF43}.Ad-Hoc|iPhone.Build.0 = Release|Any CPU
		{1B20BA98-7157-4BDC-B2AC-4D413D7EBF43}.Ad-Hoc|iPhone.Deploy.0 = Release|Any CPU
		{1B20BA98-7157-4BDC-B2AC-4D413D7EBF43}.Ad-Hoc|iPhoneSimulator.ActiveCfg = Release|Any CPU
		{1B20BA98-7157-4BDC-B2AC-4D413D7EBF43}.Ad-Hoc|iPhoneSimulator.Build.0 = Release|Any CPU
		{1B20BA98-7157-4BDC-B2AC-4D413D7EBF43}.Ad-Hoc|iPhoneSimulator.Deploy.0 = Release|Any CPU
		{1B20BA98-7157-4BDC-B2AC-4D413D7EBF43}.Ad-Hoc|x64.ActiveCfg = Release|Any CPU
		{1B20BA98-7157-4BDC-B2AC-4D413D7EBF43}.Ad-Hoc|x64.Build.0 = Release|Any CPU
		{1B20BA98-7157-4BDC-B2AC-4D413D7EBF43}.Ad-Hoc|x64.Deploy.0 = Release|Any CPU
		{1B20BA98-7157-4BDC-B2AC-4D413D7EBF43}.Ad-Hoc|x86.ActiveCfg = Release|x86
		{1B20BA98-7157-4BDC-B2AC-4D413D7EBF43}.Ad-Hoc|x86.Build.0 = Release|x86
		{1B20BA98-7157-4BDC-B2AC-4D413D7EBF43}.Ad-Hoc|x86.Deploy.0 = Release|x86
		{1B20BA98-7157-4BDC-B2AC-4D413D7EBF43}.AppStore|Any CPU.ActiveCfg = Release|Any CPU
		{1B20BA98-7157-4BDC-B2AC-4D413D7EBF43}.AppStore|Any CPU.Build.0 = Release|Any CPU
		{1B20BA98-7157-4BDC-B2AC-4D413D7EBF43}.AppStore|Any CPU.Deploy.0 = Release|Any CPU
		{1B20BA98-7157-4BDC-B2AC-4D413D7EBF43}.AppStore|ARM.ActiveCfg = Release|ARM
		{1B20BA98-7157-4BDC-B2AC-4D413D7EBF43}.AppStore|ARM.Build.0 = Release|ARM
		{1B20BA98-7157-4BDC-B2AC-4D413D7EBF43}.AppStore|ARM.Deploy.0 = Release|ARM
		{1B20BA98-7157-4BDC-B2AC-4D413D7EBF43}.AppStore|iPhone.ActiveCfg = Release|Any CPU
		{1B20BA98-7157-4BDC-B2AC-4D413D7EBF43}.AppStore|iPhone.Build.0 = Release|Any CPU
		{1B20BA98-7157-4BDC-B2AC-4D413D7EBF43}.AppStore|iPhone.Deploy.0 = Release|Any CPU
		{1B20BA98-7157-4BDC-B2AC-4D413D7EBF43}.AppStore|iPhoneSimulator.ActiveCfg = Release|Any CPU
		{1B20BA98-7157-4BDC-B2AC-4D413D7EBF43}.AppStore|iPhoneSimulator.Build.0 = Release|Any CPU
		{1B20BA98-7157-4BDC-B2AC-4D413D7EBF43}.AppStore|iPhoneSimulator.Deploy.0 = Release|Any CPU
		{1B20BA98-7157-4BDC-B2AC-4D413D7EBF43}.AppStore|x64.ActiveCfg = Release|Any CPU
		{1B20BA98-7157-4BDC-B2AC-4D413D7EBF43}.AppStore|x64.Build.0 = Release|Any CPU
		{1B20BA98-7157-4BDC-B2AC-4D413D7EBF43}.AppStore|x64.Deploy.0 = Release|Any CPU
		{1B20BA98-7157-4BDC-B2AC-4D413D7EBF43}.AppStore|x86.ActiveCfg = Release|x86
		{1B20BA98-7157-4BDC-B2AC-4D413D7EBF43}.AppStore|x86.Build.0 = Release|x86
		{1B20BA98-7157-4BDC-B2AC-4D413D7EBF43}.AppStore|x86.Deploy.0 = Release|x86
		{1B20BA98-7157-4BDC-B2AC-4D413D7EBF43}.Debug|Any CPU.ActiveCfg = Debug|Any CPU
		{1B20BA98-7157-4BDC-B2AC-4D413D7EBF43}.Debug|Any CPU.Build.0 = Debug|Any CPU
		{1B20BA98-7157-4BDC-B2AC-4D413D7EBF43}.Debug|Any CPU.Deploy.0 = Debug|Any CPU
		{1B20BA98-7157-4BDC-B2AC-4D413D7EBF43}.Debug|ARM.ActiveCfg = Debug|ARM
		{1B20BA98-7157-4BDC-B2AC-4D413D7EBF43}.Debug|ARM.Build.0 = Debug|ARM
		{1B20BA98-7157-4BDC-B2AC-4D413D7EBF43}.Debug|ARM.Deploy.0 = Debug|ARM
		{1B20BA98-7157-4BDC-B2AC-4D413D7EBF43}.Debug|iPhone.ActiveCfg = Debug|Any CPU
		{1B20BA98-7157-4BDC-B2AC-4D413D7EBF43}.Debug|iPhone.Build.0 = Debug|Any CPU
		{1B20BA98-7157-4BDC-B2AC-4D413D7EBF43}.Debug|iPhone.Deploy.0 = Debug|Any CPU
		{1B20BA98-7157-4BDC-B2AC-4D413D7EBF43}.Debug|iPhoneSimulator.ActiveCfg = Debug|Any CPU
		{1B20BA98-7157-4BDC-B2AC-4D413D7EBF43}.Debug|iPhoneSimulator.Build.0 = Debug|Any CPU
		{1B20BA98-7157-4BDC-B2AC-4D413D7EBF43}.Debug|iPhoneSimulator.Deploy.0 = Debug|Any CPU
		{1B20BA98-7157-4BDC-B2AC-4D413D7EBF43}.Debug|x64.ActiveCfg = Debug|Any CPU
		{1B20BA98-7157-4BDC-B2AC-4D413D7EBF43}.Debug|x64.Build.0 = Debug|Any CPU
		{1B20BA98-7157-4BDC-B2AC-4D413D7EBF43}.Debug|x64.Deploy.0 = Debug|Any CPU
		{1B20BA98-7157-4BDC-B2AC-4D413D7EBF43}.Debug|x86.ActiveCfg = Debug|x86
		{1B20BA98-7157-4BDC-B2AC-4D413D7EBF43}.Debug|x86.Build.0 = Debug|x86
		{1B20BA98-7157-4BDC-B2AC-4D413D7EBF43}.Debug|x86.Deploy.0 = Debug|x86
		{1B20BA98-7157-4BDC-B2AC-4D413D7EBF43}.Release|Any CPU.ActiveCfg = Release|Any CPU
		{1B20BA98-7157-4BDC-B2AC-4D413D7EBF43}.Release|Any CPU.Build.0 = Release|Any CPU
		{1B20BA98-7157-4BDC-B2AC-4D413D7EBF43}.Release|Any CPU.Deploy.0 = Release|Any CPU
		{1B20BA98-7157-4BDC-B2AC-4D413D7EBF43}.Release|ARM.ActiveCfg = Release|ARM
		{1B20BA98-7157-4BDC-B2AC-4D413D7EBF43}.Release|ARM.Build.0 = Release|ARM
		{1B20BA98-7157-4BDC-B2AC-4D413D7EBF43}.Release|ARM.Deploy.0 = Release|ARM
		{1B20BA98-7157-4BDC-B2AC-4D413D7EBF43}.Release|iPhone.ActiveCfg = Release|Any CPU
		{1B20BA98-7157-4BDC-B2AC-4D413D7EBF43}.Release|iPhone.Build.0 = Release|Any CPU
		{1B20BA98-7157-4BDC-B2AC-4D413D7EBF43}.Release|iPhone.Deploy.0 = Release|Any CPU
		{1B20BA98-7157-4BDC-B2AC-4D413D7EBF43}.Release|iPhoneSimulator.ActiveCfg = Release|Any CPU
		{1B20BA98-7157-4BDC-B2AC-4D413D7EBF43}.Release|iPhoneSimulator.Build.0 = Release|Any CPU
		{1B20BA98-7157-4BDC-B2AC-4D413D7EBF43}.Release|iPhoneSimulator.Deploy.0 = Release|Any CPU
		{1B20BA98-7157-4BDC-B2AC-4D413D7EBF43}.Release|x64.ActiveCfg = Release|Any CPU
		{1B20BA98-7157-4BDC-B2AC-4D413D7EBF43}.Release|x64.Build.0 = Release|Any CPU
		{1B20BA98-7157-4BDC-B2AC-4D413D7EBF43}.Release|x64.Deploy.0 = Release|Any CPU
		{1B20BA98-7157-4BDC-B2AC-4D413D7EBF43}.Release|x86.ActiveCfg = Release|x86
		{1B20BA98-7157-4BDC-B2AC-4D413D7EBF43}.Release|x86.Build.0 = Release|x86
		{1B20BA98-7157-4BDC-B2AC-4D413D7EBF43}.Release|x86.Deploy.0 = Release|x86
		{58E8695C-2BA5-4CF6-AA90-985C04361A0B}.Ad-Hoc|Any CPU.ActiveCfg = Release|Any CPU
		{58E8695C-2BA5-4CF6-AA90-985C04361A0B}.Ad-Hoc|Any CPU.Build.0 = Release|Any CPU
		{58E8695C-2BA5-4CF6-AA90-985C04361A0B}.Ad-Hoc|Any CPU.Deploy.0 = Release|Any CPU
		{58E8695C-2BA5-4CF6-AA90-985C04361A0B}.Ad-Hoc|ARM.ActiveCfg = Release|ARM
		{58E8695C-2BA5-4CF6-AA90-985C04361A0B}.Ad-Hoc|ARM.Build.0 = Release|ARM
		{58E8695C-2BA5-4CF6-AA90-985C04361A0B}.Ad-Hoc|ARM.Deploy.0 = Release|ARM
		{58E8695C-2BA5-4CF6-AA90-985C04361A0B}.Ad-Hoc|iPhone.ActiveCfg = Release|Any CPU
		{58E8695C-2BA5-4CF6-AA90-985C04361A0B}.Ad-Hoc|iPhone.Build.0 = Release|Any CPU
		{58E8695C-2BA5-4CF6-AA90-985C04361A0B}.Ad-Hoc|iPhone.Deploy.0 = Release|Any CPU
		{58E8695C-2BA5-4CF6-AA90-985C04361A0B}.Ad-Hoc|iPhoneSimulator.ActiveCfg = Release|Any CPU
		{58E8695C-2BA5-4CF6-AA90-985C04361A0B}.Ad-Hoc|iPhoneSimulator.Build.0 = Release|Any CPU
		{58E8695C-2BA5-4CF6-AA90-985C04361A0B}.Ad-Hoc|iPhoneSimulator.Deploy.0 = Release|Any CPU
		{58E8695C-2BA5-4CF6-AA90-985C04361A0B}.Ad-Hoc|x64.ActiveCfg = Release|x64
		{58E8695C-2BA5-4CF6-AA90-985C04361A0B}.Ad-Hoc|x64.Build.0 = Release|x64
		{58E8695C-2BA5-4CF6-AA90-985C04361A0B}.Ad-Hoc|x64.Deploy.0 = Release|x64
		{58E8695C-2BA5-4CF6-AA90-985C04361A0B}.Ad-Hoc|x86.ActiveCfg = Release|x86
		{58E8695C-2BA5-4CF6-AA90-985C04361A0B}.Ad-Hoc|x86.Build.0 = Release|x86
		{58E8695C-2BA5-4CF6-AA90-985C04361A0B}.Ad-Hoc|x86.Deploy.0 = Release|x86
		{58E8695C-2BA5-4CF6-AA90-985C04361A0B}.AppStore|Any CPU.ActiveCfg = Release|Any CPU
		{58E8695C-2BA5-4CF6-AA90-985C04361A0B}.AppStore|Any CPU.Build.0 = Release|Any CPU
		{58E8695C-2BA5-4CF6-AA90-985C04361A0B}.AppStore|Any CPU.Deploy.0 = Release|Any CPU
		{58E8695C-2BA5-4CF6-AA90-985C04361A0B}.AppStore|ARM.ActiveCfg = Release|ARM
		{58E8695C-2BA5-4CF6-AA90-985C04361A0B}.AppStore|ARM.Build.0 = Release|ARM
		{58E8695C-2BA5-4CF6-AA90-985C04361A0B}.AppStore|ARM.Deploy.0 = Release|ARM
		{58E8695C-2BA5-4CF6-AA90-985C04361A0B}.AppStore|iPhone.ActiveCfg = Release|Any CPU
		{58E8695C-2BA5-4CF6-AA90-985C04361A0B}.AppStore|iPhone.Build.0 = Release|Any CPU
		{58E8695C-2BA5-4CF6-AA90-985C04361A0B}.AppStore|iPhone.Deploy.0 = Release|Any CPU
		{58E8695C-2BA5-4CF6-AA90-985C04361A0B}.AppStore|iPhoneSimulator.ActiveCfg = Release|Any CPU
		{58E8695C-2BA5-4CF6-AA90-985C04361A0B}.AppStore|iPhoneSimulator.Build.0 = Release|Any CPU
		{58E8695C-2BA5-4CF6-AA90-985C04361A0B}.AppStore|iPhoneSimulator.Deploy.0 = Release|Any CPU
		{58E8695C-2BA5-4CF6-AA90-985C04361A0B}.AppStore|x64.ActiveCfg = Release|x64
		{58E8695C-2BA5-4CF6-AA90-985C04361A0B}.AppStore|x64.Build.0 = Release|x64
		{58E8695C-2BA5-4CF6-AA90-985C04361A0B}.AppStore|x64.Deploy.0 = Release|x64
		{58E8695C-2BA5-4CF6-AA90-985C04361A0B}.AppStore|x86.ActiveCfg = Release|x86
		{58E8695C-2BA5-4CF6-AA90-985C04361A0B}.AppStore|x86.Build.0 = Release|x86
		{58E8695C-2BA5-4CF6-AA90-985C04361A0B}.AppStore|x86.Deploy.0 = Release|x86
		{58E8695C-2BA5-4CF6-AA90-985C04361A0B}.Debug|Any CPU.ActiveCfg = Debug|Any CPU
		{58E8695C-2BA5-4CF6-AA90-985C04361A0B}.Debug|Any CPU.Build.0 = Debug|Any CPU
		{58E8695C-2BA5-4CF6-AA90-985C04361A0B}.Debug|Any CPU.Deploy.0 = Debug|Any CPU
		{58E8695C-2BA5-4CF6-AA90-985C04361A0B}.Debug|ARM.ActiveCfg = Debug|ARM
		{58E8695C-2BA5-4CF6-AA90-985C04361A0B}.Debug|ARM.Build.0 = Debug|ARM
		{58E8695C-2BA5-4CF6-AA90-985C04361A0B}.Debug|ARM.Deploy.0 = Debug|ARM
		{58E8695C-2BA5-4CF6-AA90-985C04361A0B}.Debug|iPhone.ActiveCfg = Debug|Any CPU
		{58E8695C-2BA5-4CF6-AA90-985C04361A0B}.Debug|iPhone.Build.0 = Debug|Any CPU
		{58E8695C-2BA5-4CF6-AA90-985C04361A0B}.Debug|iPhone.Deploy.0 = Debug|Any CPU
		{58E8695C-2BA5-4CF6-AA90-985C04361A0B}.Debug|iPhoneSimulator.ActiveCfg = Debug|Any CPU
		{58E8695C-2BA5-4CF6-AA90-985C04361A0B}.Debug|iPhoneSimulator.Build.0 = Debug|Any CPU
		{58E8695C-2BA5-4CF6-AA90-985C04361A0B}.Debug|iPhoneSimulator.Deploy.0 = Debug|Any CPU
		{58E8695C-2BA5-4CF6-AA90-985C04361A0B}.Debug|x64.ActiveCfg = Debug|x64
		{58E8695C-2BA5-4CF6-AA90-985C04361A0B}.Debug|x64.Build.0 = Debug|x64
		{58E8695C-2BA5-4CF6-AA90-985C04361A0B}.Debug|x64.Deploy.0 = Debug|x64
		{58E8695C-2BA5-4CF6-AA90-985C04361A0B}.Debug|x86.ActiveCfg = Debug|x86
		{58E8695C-2BA5-4CF6-AA90-985C04361A0B}.Debug|x86.Build.0 = Debug|x86
		{58E8695C-2BA5-4CF6-AA90-985C04361A0B}.Debug|x86.Deploy.0 = Debug|x86
		{58E8695C-2BA5-4CF6-AA90-985C04361A0B}.Release|Any CPU.ActiveCfg = Release|Any CPU
		{58E8695C-2BA5-4CF6-AA90-985C04361A0B}.Release|Any CPU.Build.0 = Release|Any CPU
		{58E8695C-2BA5-4CF6-AA90-985C04361A0B}.Release|Any CPU.Deploy.0 = Release|Any CPU
		{58E8695C-2BA5-4CF6-AA90-985C04361A0B}.Release|ARM.ActiveCfg = Release|ARM
		{58E8695C-2BA5-4CF6-AA90-985C04361A0B}.Release|ARM.Build.0 = Release|ARM
		{58E8695C-2BA5-4CF6-AA90-985C04361A0B}.Release|ARM.Deploy.0 = Release|ARM
		{58E8695C-2BA5-4CF6-AA90-985C04361A0B}.Release|iPhone.ActiveCfg = Release|Any CPU
		{58E8695C-2BA5-4CF6-AA90-985C04361A0B}.Release|iPhone.Build.0 = Release|Any CPU
		{58E8695C-2BA5-4CF6-AA90-985C04361A0B}.Release|iPhone.Deploy.0 = Release|Any CPU
		{58E8695C-2BA5-4CF6-AA90-985C04361A0B}.Release|iPhoneSimulator.ActiveCfg = Release|Any CPU
		{58E8695C-2BA5-4CF6-AA90-985C04361A0B}.Release|iPhoneSimulator.Build.0 = Release|Any CPU
		{58E8695C-2BA5-4CF6-AA90-985C04361A0B}.Release|iPhoneSimulator.Deploy.0 = Release|Any CPU
		{58E8695C-2BA5-4CF6-AA90-985C04361A0B}.Release|x64.ActiveCfg = Release|x64
		{58E8695C-2BA5-4CF6-AA90-985C04361A0B}.Release|x64.Build.0 = Release|x64
		{58E8695C-2BA5-4CF6-AA90-985C04361A0B}.Release|x64.Deploy.0 = Release|x64
		{58E8695C-2BA5-4CF6-AA90-985C04361A0B}.Release|x86.ActiveCfg = Release|x86
		{58E8695C-2BA5-4CF6-AA90-985C04361A0B}.Release|x86.Build.0 = Release|x86
		{58E8695C-2BA5-4CF6-AA90-985C04361A0B}.Release|x86.Deploy.0 = Release|x86
		{B86C7119-73CA-4124-A4BF-33B5B3664A7D}.Ad-Hoc|Any CPU.ActiveCfg = Release|Any CPU
		{B86C7119-73CA-4124-A4BF-33B5B3664A7D}.Ad-Hoc|Any CPU.Build.0 = Release|Any CPU
		{B86C7119-73CA-4124-A4BF-33B5B3664A7D}.Ad-Hoc|ARM.ActiveCfg = Release|Any CPU
		{B86C7119-73CA-4124-A4BF-33B5B3664A7D}.Ad-Hoc|ARM.Build.0 = Release|Any CPU
		{B86C7119-73CA-4124-A4BF-33B5B3664A7D}.Ad-Hoc|iPhone.ActiveCfg = Release|Any CPU
		{B86C7119-73CA-4124-A4BF-33B5B3664A7D}.Ad-Hoc|iPhone.Build.0 = Release|Any CPU
		{B86C7119-73CA-4124-A4BF-33B5B3664A7D}.Ad-Hoc|iPhoneSimulator.ActiveCfg = Release|Any CPU
		{B86C7119-73CA-4124-A4BF-33B5B3664A7D}.Ad-Hoc|iPhoneSimulator.Build.0 = Release|Any CPU
		{B86C7119-73CA-4124-A4BF-33B5B3664A7D}.Ad-Hoc|x64.ActiveCfg = Release|Any CPU
		{B86C7119-73CA-4124-A4BF-33B5B3664A7D}.Ad-Hoc|x64.Build.0 = Release|Any CPU
		{B86C7119-73CA-4124-A4BF-33B5B3664A7D}.Ad-Hoc|x86.ActiveCfg = Release|Any CPU
		{B86C7119-73CA-4124-A4BF-33B5B3664A7D}.Ad-Hoc|x86.Build.0 = Release|Any CPU
		{B86C7119-73CA-4124-A4BF-33B5B3664A7D}.AppStore|Any CPU.ActiveCfg = Release|Any CPU
		{B86C7119-73CA-4124-A4BF-33B5B3664A7D}.AppStore|Any CPU.Build.0 = Release|Any CPU
		{B86C7119-73CA-4124-A4BF-33B5B3664A7D}.AppStore|ARM.ActiveCfg = Release|Any CPU
		{B86C7119-73CA-4124-A4BF-33B5B3664A7D}.AppStore|ARM.Build.0 = Release|Any CPU
		{B86C7119-73CA-4124-A4BF-33B5B3664A7D}.AppStore|iPhone.ActiveCfg = Release|Any CPU
		{B86C7119-73CA-4124-A4BF-33B5B3664A7D}.AppStore|iPhone.Build.0 = Release|Any CPU
		{B86C7119-73CA-4124-A4BF-33B5B3664A7D}.AppStore|iPhoneSimulator.ActiveCfg = Release|Any CPU
		{B86C7119-73CA-4124-A4BF-33B5B3664A7D}.AppStore|iPhoneSimulator.Build.0 = Release|Any CPU
		{B86C7119-73CA-4124-A4BF-33B5B3664A7D}.AppStore|x64.ActiveCfg = Release|Any CPU
		{B86C7119-73CA-4124-A4BF-33B5B3664A7D}.AppStore|x64.Build.0 = Release|Any CPU
		{B86C7119-73CA-4124-A4BF-33B5B3664A7D}.AppStore|x86.ActiveCfg = Release|Any CPU
		{B86C7119-73CA-4124-A4BF-33B5B3664A7D}.AppStore|x86.Build.0 = Release|Any CPU
		{B86C7119-73CA-4124-A4BF-33B5B3664A7D}.Debug|Any CPU.ActiveCfg = Debug|Any CPU
		{B86C7119-73CA-4124-A4BF-33B5B3664A7D}.Debug|Any CPU.Build.0 = Debug|Any CPU
		{B86C7119-73CA-4124-A4BF-33B5B3664A7D}.Debug|ARM.ActiveCfg = Debug|Any CPU
		{B86C7119-73CA-4124-A4BF-33B5B3664A7D}.Debug|ARM.Build.0 = Debug|Any CPU
		{B86C7119-73CA-4124-A4BF-33B5B3664A7D}.Debug|iPhone.ActiveCfg = Debug|Any CPU
		{B86C7119-73CA-4124-A4BF-33B5B3664A7D}.Debug|iPhone.Build.0 = Debug|Any CPU
		{B86C7119-73CA-4124-A4BF-33B5B3664A7D}.Debug|iPhoneSimulator.ActiveCfg = Debug|Any CPU
		{B86C7119-73CA-4124-A4BF-33B5B3664A7D}.Debug|iPhoneSimulator.Build.0 = Debug|Any CPU
		{B86C7119-73CA-4124-A4BF-33B5B3664A7D}.Debug|x64.ActiveCfg = Debug|Any CPU
		{B86C7119-73CA-4124-A4BF-33B5B3664A7D}.Debug|x64.Build.0 = Debug|Any CPU
		{B86C7119-73CA-4124-A4BF-33B5B3664A7D}.Debug|x86.ActiveCfg = Debug|Any CPU
		{B86C7119-73CA-4124-A4BF-33B5B3664A7D}.Debug|x86.Build.0 = Debug|Any CPU
		{B86C7119-73CA-4124-A4BF-33B5B3664A7D}.Release|Any CPU.ActiveCfg = Release|Any CPU
		{B86C7119-73CA-4124-A4BF-33B5B3664A7D}.Release|Any CPU.Build.0 = Release|Any CPU
		{B86C7119-73CA-4124-A4BF-33B5B3664A7D}.Release|ARM.ActiveCfg = Release|Any CPU
		{B86C7119-73CA-4124-A4BF-33B5B3664A7D}.Release|ARM.Build.0 = Release|Any CPU
		{B86C7119-73CA-4124-A4BF-33B5B3664A7D}.Release|iPhone.ActiveCfg = Release|Any CPU
		{B86C7119-73CA-4124-A4BF-33B5B3664A7D}.Release|iPhone.Build.0 = Release|Any CPU
		{B86C7119-73CA-4124-A4BF-33B5B3664A7D}.Release|iPhoneSimulator.ActiveCfg = Release|Any CPU
		{B86C7119-73CA-4124-A4BF-33B5B3664A7D}.Release|iPhoneSimulator.Build.0 = Release|Any CPU
		{B86C7119-73CA-4124-A4BF-33B5B3664A7D}.Release|x64.ActiveCfg = Release|Any CPU
		{B86C7119-73CA-4124-A4BF-33B5B3664A7D}.Release|x64.Build.0 = Release|Any CPU
		{B86C7119-73CA-4124-A4BF-33B5B3664A7D}.Release|x86.ActiveCfg = Release|Any CPU
		{B86C7119-73CA-4124-A4BF-33B5B3664A7D}.Release|x86.Build.0 = Release|Any CPU
		{4191081C-B4AD-4F52-A6A0-4C16B446E0FE}.Ad-Hoc|Any CPU.ActiveCfg = Release|Any CPU
		{4191081C-B4AD-4F52-A6A0-4C16B446E0FE}.Ad-Hoc|Any CPU.Build.0 = Release|Any CPU
		{4191081C-B4AD-4F52-A6A0-4C16B446E0FE}.Ad-Hoc|ARM.ActiveCfg = Release|Any CPU
		{4191081C-B4AD-4F52-A6A0-4C16B446E0FE}.Ad-Hoc|ARM.Build.0 = Release|Any CPU
		{4191081C-B4AD-4F52-A6A0-4C16B446E0FE}.Ad-Hoc|iPhone.ActiveCfg = Release|Any CPU
		{4191081C-B4AD-4F52-A6A0-4C16B446E0FE}.Ad-Hoc|iPhone.Build.0 = Release|Any CPU
		{4191081C-B4AD-4F52-A6A0-4C16B446E0FE}.Ad-Hoc|iPhoneSimulator.ActiveCfg = Release|Any CPU
		{4191081C-B4AD-4F52-A6A0-4C16B446E0FE}.Ad-Hoc|iPhoneSimulator.Build.0 = Release|Any CPU
		{4191081C-B4AD-4F52-A6A0-4C16B446E0FE}.Ad-Hoc|x64.ActiveCfg = Release|Any CPU
		{4191081C-B4AD-4F52-A6A0-4C16B446E0FE}.Ad-Hoc|x64.Build.0 = Release|Any CPU
		{4191081C-B4AD-4F52-A6A0-4C16B446E0FE}.Ad-Hoc|x86.ActiveCfg = Release|Any CPU
		{4191081C-B4AD-4F52-A6A0-4C16B446E0FE}.Ad-Hoc|x86.Build.0 = Release|Any CPU
		{4191081C-B4AD-4F52-A6A0-4C16B446E0FE}.AppStore|Any CPU.ActiveCfg = Release|Any CPU
		{4191081C-B4AD-4F52-A6A0-4C16B446E0FE}.AppStore|Any CPU.Build.0 = Release|Any CPU
		{4191081C-B4AD-4F52-A6A0-4C16B446E0FE}.AppStore|ARM.ActiveCfg = Release|Any CPU
		{4191081C-B4AD-4F52-A6A0-4C16B446E0FE}.AppStore|ARM.Build.0 = Release|Any CPU
		{4191081C-B4AD-4F52-A6A0-4C16B446E0FE}.AppStore|iPhone.ActiveCfg = Release|Any CPU
		{4191081C-B4AD-4F52-A6A0-4C16B446E0FE}.AppStore|iPhone.Build.0 = Release|Any CPU
		{4191081C-B4AD-4F52-A6A0-4C16B446E0FE}.AppStore|iPhoneSimulator.ActiveCfg = Release|Any CPU
		{4191081C-B4AD-4F52-A6A0-4C16B446E0FE}.AppStore|iPhoneSimulator.Build.0 = Release|Any CPU
		{4191081C-B4AD-4F52-A6A0-4C16B446E0FE}.AppStore|x64.ActiveCfg = Release|Any CPU
		{4191081C-B4AD-4F52-A6A0-4C16B446E0FE}.AppStore|x64.Build.0 = Release|Any CPU
		{4191081C-B4AD-4F52-A6A0-4C16B446E0FE}.AppStore|x86.ActiveCfg = Release|Any CPU
		{4191081C-B4AD-4F52-A6A0-4C16B446E0FE}.AppStore|x86.Build.0 = Release|Any CPU
		{4191081C-B4AD-4F52-A6A0-4C16B446E0FE}.Debug|Any CPU.ActiveCfg = Debug|Any CPU
		{4191081C-B4AD-4F52-A6A0-4C16B446E0FE}.Debug|Any CPU.Build.0 = Debug|Any CPU
		{4191081C-B4AD-4F52-A6A0-4C16B446E0FE}.Debug|ARM.ActiveCfg = Debug|Any CPU
		{4191081C-B4AD-4F52-A6A0-4C16B446E0FE}.Debug|ARM.Build.0 = Debug|Any CPU
		{4191081C-B4AD-4F52-A6A0-4C16B446E0FE}.Debug|iPhone.ActiveCfg = Debug|Any CPU
		{4191081C-B4AD-4F52-A6A0-4C16B446E0FE}.Debug|iPhone.Build.0 = Debug|Any CPU
		{4191081C-B4AD-4F52-A6A0-4C16B446E0FE}.Debug|iPhoneSimulator.ActiveCfg = Debug|Any CPU
		{4191081C-B4AD-4F52-A6A0-4C16B446E0FE}.Debug|iPhoneSimulator.Build.0 = Debug|Any CPU
		{4191081C-B4AD-4F52-A6A0-4C16B446E0FE}.Debug|x64.ActiveCfg = Debug|Any CPU
		{4191081C-B4AD-4F52-A6A0-4C16B446E0FE}.Debug|x64.Build.0 = Debug|Any CPU
		{4191081C-B4AD-4F52-A6A0-4C16B446E0FE}.Debug|x86.ActiveCfg = Debug|Any CPU
		{4191081C-B4AD-4F52-A6A0-4C16B446E0FE}.Debug|x86.Build.0 = Debug|Any CPU
		{4191081C-B4AD-4F52-A6A0-4C16B446E0FE}.Release|Any CPU.ActiveCfg = Release|Any CPU
		{4191081C-B4AD-4F52-A6A0-4C16B446E0FE}.Release|Any CPU.Build.0 = Release|Any CPU
		{4191081C-B4AD-4F52-A6A0-4C16B446E0FE}.Release|ARM.ActiveCfg = Release|Any CPU
		{4191081C-B4AD-4F52-A6A0-4C16B446E0FE}.Release|ARM.Build.0 = Release|Any CPU
		{4191081C-B4AD-4F52-A6A0-4C16B446E0FE}.Release|iPhone.ActiveCfg = Release|Any CPU
		{4191081C-B4AD-4F52-A6A0-4C16B446E0FE}.Release|iPhone.Build.0 = Release|Any CPU
		{4191081C-B4AD-4F52-A6A0-4C16B446E0FE}.Release|iPhoneSimulator.ActiveCfg = Release|Any CPU
		{4191081C-B4AD-4F52-A6A0-4C16B446E0FE}.Release|iPhoneSimulator.Build.0 = Release|Any CPU
		{4191081C-B4AD-4F52-A6A0-4C16B446E0FE}.Release|x64.ActiveCfg = Release|Any CPU
		{4191081C-B4AD-4F52-A6A0-4C16B446E0FE}.Release|x64.Build.0 = Release|Any CPU
		{4191081C-B4AD-4F52-A6A0-4C16B446E0FE}.Release|x86.ActiveCfg = Release|Any CPU
		{4191081C-B4AD-4F52-A6A0-4C16B446E0FE}.Release|x86.Build.0 = Release|Any CPU
	EndGlobalSection
	GlobalSection(SolutionProperties) = preSolution
		HideSolutionNode = FALSE
	EndGlobalSection
EndGlobal
